# THIS IS AN AUTOGENERATED FILE. DO NOT EDIT THIS FILE DIRECTLY.
# yarn lockfile v1


pdf.js-extract@^0.1.4:
  version "0.1.4"
  resolved "https://registry.yarnpkg.com/pdf.js-extract/-/pdf.js-extract-0.1.4.tgz#57ffef9cdca9014ec7378dc4c56fc2367cbe83af"
  integrity sha512-CT33e07DbEbmitpea2JZBQaYcIsxqYNt9oOW2fth5IYSc5etxd2VfeCXWxIt4xzNSW6XMqGDp1ju5IdMGAj93g==
